// !$*UTF8*$!
{
	archiveVersion = 1;
	classes = {
	};
	objectVersion = 55;
	objects = {

/* Begin PBXBuildFile section */
		291218D027BA9970006836F6 /* Explosion.sks in Resources */ = {isa = PBXBuildFile; fileRef = 291218CF27BA9970006836F6 /* Explosion.sks */; };
		2932F2A127BD127800A7ED80 /* AdventPro-Thin.ttf in Resources */ = {isa = PBXBuildFile; fileRef = 2932F29927BD127800A7ED80 /* AdventPro-Thin.ttf */; };
		2932F2A227BD127800A7ED80 /* AdventPro-Bold.ttf in Resources */ = {isa = PBXBuildFile; fileRef = 2932F29A27BD127800A7ED80 /* AdventPro-Bold.ttf */; };
		2932F2A327BD127800A7ED80 /* AdventPro-SemiBold.ttf in Resources */ = {isa = PBXBuildFile; fileRef = 2932F29B27BD127800A7ED80 /* AdventPro-SemiBold.ttf */; };
		2932F2A427BD127800A7ED80 /* AdventPro-Medium.ttf in Resources */ = {isa = PBXBuildFile; fileRef = 2932F29C27BD127800A7ED80 /* AdventPro-Medium.ttf */; };
		2932F2A527BD127800A7ED80 /* AdventPro-Regular.ttf in Resources */ = {isa = PBXBuildFile; fileRef = 2932F29D27BD127800A7ED80 /* AdventPro-Regular.ttf */; };
		2932F2A727BD127800A7ED80 /* AdventPro-Light.ttf in Resources */ = {isa = PBXBuildFile; fileRef = 2932F29F27BD127800A7ED80 /* AdventPro-Light.ttf */; };
		2932F2A827BD127800A7ED80 /* AdventPro-ExtraLight.ttf in Resources */ = {isa = PBXBuildFile; fileRef = 2932F2A027BD127800A7ED80 /* AdventPro-ExtraLight.ttf */; };
		29514EE927BC074E00E94576 /* HUD.swift in Sources */ = {isa = PBXBuildFile; fileRef = 29514EE827BC074E00E94576 /* HUD.swift */; };
		29514EEB27BC08C200E94576 /* GameOverScene.swift in Sources */ = {isa = PBXBuildFile; fileRef = 29514EEA27BC08C200E94576 /* GameOverScene.swift */; };
		2980F63E27B3D66E00C318DF /* GameScene.sks in Resources */ = {isa = PBXBuildFile; fileRef = 2980F63D27B3D66E00C318DF /* GameScene.sks */; };
		2984718927B571D400E88AA8 /* EnemyNode.swift in Sources */ = {isa = PBXBuildFile; fileRef = 2984718827B571D400E88AA8 /* EnemyNode.swift */; };
		7F40022A27B271E2001182EB /* AppDelegate.swift in Sources */ = {isa = PBXBuildFile; fileRef = 7F40022927B271E2001182EB /* AppDelegate.swift */; };
		7F40023027B271E2001182EB /* GameScene.swift in Sources */ = {isa = PBXBuildFile; fileRef = 7F40022F27B271E2001182EB /* GameScene.swift */; };
		7F40023227B271E2001182EB /* GameViewController.swift in Sources */ = {isa = PBXBuildFile; fileRef = 7F40023127B271E2001182EB /* GameViewController.swift */; };
		7F40023527B271E2001182EB /* Main.storyboard in Resources */ = {isa = PBXBuildFile; fileRef = 7F40023327B271E2001182EB /* Main.storyboard */; };
		7F40023727B271E3001182EB /* Assets.xcassets in Resources */ = {isa = PBXBuildFile; fileRef = 7F40023627B271E3001182EB /* Assets.xcassets */; };
		7F40023A27B271E3001182EB /* LaunchScreen.storyboard in Resources */ = {isa = PBXBuildFile; fileRef = 7F40023827B271E3001182EB /* LaunchScreen.storyboard */; };
		9533BC2027BC4D910048C7B3 /* CannonNode.swift in Sources */ = {isa = PBXBuildFile; fileRef = 9533BC1F27BC4D910048C7B3 /* CannonNode.swift */; };
		9548DBC727B71D7B002D5B12 /* PlayerNode.swift in Sources */ = {isa = PBXBuildFile; fileRef = 9548DBC627B71D7B002D5B12 /* PlayerNode.swift */; };
		9548DBC927B71DB8002D5B12 /* ShieldNode.swift in Sources */ = {isa = PBXBuildFile; fileRef = 9548DBC827B71DB8002D5B12 /* ShieldNode.swift */; };
		9548DBCB27B71DF0002D5B12 /* ShieldBackGlow.sks in Resources */ = {isa = PBXBuildFile; fileRef = 9548DBCA27B71DF0002D5B12 /* ShieldBackGlow.sks */; };
/* End PBXBuildFile section */

/* Begin PBXFileReference section */
		291218CF27BA9970006836F6 /* Explosion.sks */ = {isa = PBXFileReference; lastKnownFileType = file.sks; path = Explosion.sks; sourceTree = "<group>"; };
		2932F29927BD127800A7ED80 /* AdventPro-Thin.ttf */ = {isa = PBXFileReference; lastKnownFileType = file; path = "AdventPro-Thin.ttf"; sourceTree = "<group>"; };
		2932F29A27BD127800A7ED80 /* AdventPro-Bold.ttf */ = {isa = PBXFileReference; lastKnownFileType = file; path = "AdventPro-Bold.ttf"; sourceTree = "<group>"; };
		2932F29B27BD127800A7ED80 /* AdventPro-SemiBold.ttf */ = {isa = PBXFileReference; lastKnownFileType = file; path = "AdventPro-SemiBold.ttf"; sourceTree = "<group>"; };
		2932F29C27BD127800A7ED80 /* AdventPro-Medium.ttf */ = {isa = PBXFileReference; lastKnownFileType = file; path = "AdventPro-Medium.ttf"; sourceTree = "<group>"; };
		2932F29D27BD127800A7ED80 /* AdventPro-Regular.ttf */ = {isa = PBXFileReference; lastKnownFileType = file; path = "AdventPro-Regular.ttf"; sourceTree = "<group>"; };
		2932F29F27BD127800A7ED80 /* AdventPro-Light.ttf */ = {isa = PBXFileReference; lastKnownFileType = file; path = "AdventPro-Light.ttf"; sourceTree = "<group>"; };
		2932F2A027BD127800A7ED80 /* AdventPro-ExtraLight.ttf */ = {isa = PBXFileReference; lastKnownFileType = file; path = "AdventPro-ExtraLight.ttf"; sourceTree = "<group>"; };
		29514EE827BC074E00E94576 /* HUD.swift */ = {isa = PBXFileReference; lastKnownFileType = sourcecode.swift; path = HUD.swift; sourceTree = "<group>"; };
		29514EEA27BC08C200E94576 /* GameOverScene.swift */ = {isa = PBXFileReference; lastKnownFileType = sourcecode.swift; path = GameOverScene.swift; sourceTree = "<group>"; };
		2968935D27BD1E4800CE2CE5 /* Info.plist */ = {isa = PBXFileReference; lastKnownFileType = text.plist; path = Info.plist; sourceTree = "<group>"; };
		2980F63D27B3D66E00C318DF /* GameScene.sks */ = {isa = PBXFileReference; lastKnownFileType = file.sks; path = GameScene.sks; sourceTree = "<group>"; };
		2984718827B571D400E88AA8 /* EnemyNode.swift */ = {isa = PBXFileReference; lastKnownFileType = sourcecode.swift; path = EnemyNode.swift; sourceTree = "<group>"; };
		7F40022627B271E2001182EB /* MC3-Gin-Tonic.app */ = {isa = PBXFileReference; explicitFileType = wrapper.application; includeInIndex = 0; path = "MC3-Gin-Tonic.app"; sourceTree = BUILT_PRODUCTS_DIR; };
		7F40022927B271E2001182EB /* AppDelegate.swift */ = {isa = PBXFileReference; lastKnownFileType = sourcecode.swift; path = AppDelegate.swift; sourceTree = "<group>"; };
		7F40022F27B271E2001182EB /* GameScene.swift */ = {isa = PBXFileReference; lastKnownFileType = sourcecode.swift; path = GameScene.swift; sourceTree = "<group>"; };
		7F40023127B271E2001182EB /* GameViewController.swift */ = {isa = PBXFileReference; lastKnownFileType = sourcecode.swift; path = GameViewController.swift; sourceTree = "<group>"; };
		7F40023427B271E2001182EB /* Base */ = {isa = PBXFileReference; lastKnownFileType = file.storyboard; name = Base; path = Base.lproj/Main.storyboard; sourceTree = "<group>"; };
		7F40023627B271E3001182EB /* Assets.xcassets */ = {isa = PBXFileReference; lastKnownFileType = folder.assetcatalog; path = Assets.xcassets; sourceTree = "<group>"; };
		7F40023927B271E3001182EB /* Base */ = {isa = PBXFileReference; lastKnownFileType = file.storyboard; name = Base; path = Base.lproj/LaunchScreen.storyboard; sourceTree = "<group>"; };
		9533BC1F27BC4D910048C7B3 /* CannonNode.swift */ = {isa = PBXFileReference; lastKnownFileType = sourcecode.swift; path = CannonNode.swift; sourceTree = "<group>"; };
		9548DBC627B71D7B002D5B12 /* PlayerNode.swift */ = {isa = PBXFileReference; lastKnownFileType = sourcecode.swift; path = PlayerNode.swift; sourceTree = "<group>"; };
		9548DBC827B71DB8002D5B12 /* ShieldNode.swift */ = {isa = PBXFileReference; lastKnownFileType = sourcecode.swift; path = ShieldNode.swift; sourceTree = "<group>"; };
		9548DBCA27B71DF0002D5B12 /* ShieldBackGlow.sks */ = {isa = PBXFileReference; lastKnownFileType = file.sks; path = ShieldBackGlow.sks; sourceTree = "<group>"; };
/* End PBXFileReference section */

/* Begin PBXFrameworksBuildPhase section */
		7F40022327B271E2001182EB /* Frameworks */ = {
			isa = PBXFrameworksBuildPhase;
			buildActionMask = 2147483647;
			files = (
			);
			runOnlyForDeploymentPostprocessing = 0;
		};
/* End PBXFrameworksBuildPhase section */

/* Begin PBXGroup section */
		2932F29827BD127800A7ED80 /* Advent_Pro */ = {
			isa = PBXGroup;
			children = (
				2932F29927BD127800A7ED80 /* AdventPro-Thin.ttf */,
				2932F29A27BD127800A7ED80 /* AdventPro-Bold.ttf */,
				2932F29B27BD127800A7ED80 /* AdventPro-SemiBold.ttf */,
				2932F29C27BD127800A7ED80 /* AdventPro-Medium.ttf */,
				2932F29D27BD127800A7ED80 /* AdventPro-Regular.ttf */,
				2932F29F27BD127800A7ED80 /* AdventPro-Light.ttf */,
				2932F2A027BD127800A7ED80 /* AdventPro-ExtraLight.ttf */,
			);
			path = Advent_Pro;
			sourceTree = "<group>";
		};
		7F40021D27B271E2001182EB = {
			isa = PBXGroup;
			children = (
				7F40022827B271E2001182EB /* MC3-Gin-Tonic */,
				7F40022727B271E2001182EB /* Products */,
			);
			sourceTree = "<group>";
		};
		7F40022727B271E2001182EB /* Products */ = {
			isa = PBXGroup;
			children = (
				7F40022627B271E2001182EB /* MC3-Gin-Tonic.app */,
			);
			name = Products;
			sourceTree = "<group>";
		};
		7F40022827B271E2001182EB /* MC3-Gin-Tonic */ = {
			isa = PBXGroup;
			children = (
				2968935D27BD1E4800CE2CE5 /* Info.plist */,
				7F40022927B271E2001182EB /* AppDelegate.swift */,
				7F40022F27B271E2001182EB /* GameScene.swift */,
				291218CF27BA9970006836F6 /* Explosion.sks */,
				9548DBC627B71D7B002D5B12 /* PlayerNode.swift */,
				9548DBC827B71DB8002D5B12 /* ShieldNode.swift */,
				9533BC1F27BC4D910048C7B3 /* CannonNode.swift */,
				2984718827B571D400E88AA8 /* EnemyNode.swift */,
				9548DBCA27B71DF0002D5B12 /* ShieldBackGlow.sks */,
				2980F63D27B3D66E00C318DF /* GameScene.sks */,
				7F40023127B271E2001182EB /* GameViewController.swift */,
				7F40023327B271E2001182EB /* Main.storyboard */,
				7F40023627B271E3001182EB /* Assets.xcassets */,
				29514EE827BC074E00E94576 /* HUD.swift */,
				29514EEA27BC08C200E94576 /* GameOverScene.swift */,
				7F40023827B271E3001182EB /* LaunchScreen.storyboard */,
				2932F29827BD127800A7ED80 /* Advent_Pro */,
			);
			path = "MC3-Gin-Tonic";
			sourceTree = "<group>";
		};
/* End PBXGroup section */

/* Begin PBXNativeTarget section */
		7F40022527B271E2001182EB /* MC3-Gin-Tonic */ = {
			isa = PBXNativeTarget;
			buildConfigurationList = 7F40023D27B271E3001182EB /* Build configuration list for PBXNativeTarget "MC3-Gin-Tonic" */;
			buildPhases = (
				7F40022227B271E2001182EB /* Sources */,
				7F40022327B271E2001182EB /* Frameworks */,
				7F40022427B271E2001182EB /* Resources */,
			);
			buildRules = (
			);
			dependencies = (
			);
			name = "MC3-Gin-Tonic";
			productName = "MC3-Gin-Tonic";
			productReference = 7F40022627B271E2001182EB /* MC3-Gin-Tonic.app */;
			productType = "com.apple.product-type.application";
		};
/* End PBXNativeTarget section */

/* Begin PBXProject section */
		7F40021E27B271E2001182EB /* Project object */ = {
			isa = PBXProject;
			attributes = {
				BuildIndependentTargetsInParallel = 1;
				LastSwiftUpdateCheck = 1320;
				LastUpgradeCheck = 1320;
				TargetAttributes = {
					7F40022527B271E2001182EB = {
						CreatedOnToolsVersion = 13.2.1;
					};
				};
			};
			buildConfigurationList = 7F40022127B271E2001182EB /* Build configuration list for PBXProject "MC3-Gin-Tonic" */;
			compatibilityVersion = "Xcode 13.0";
			developmentRegion = en;
			hasScannedForEncodings = 0;
			knownRegions = (
				en,
				Base,
			);
			mainGroup = 7F40021D27B271E2001182EB;
			productRefGroup = 7F40022727B271E2001182EB /* Products */;
			projectDirPath = "";
			projectRoot = "";
			targets = (
				7F40022527B271E2001182EB /* MC3-Gin-Tonic */,
			);
		};
/* End PBXProject section */

/* Begin PBXResourcesBuildPhase section */
		7F40022427B271E2001182EB /* Resources */ = {
			isa = PBXResourcesBuildPhase;
			buildActionMask = 2147483647;
			files = (
				2980F63E27B3D66E00C318DF /* GameScene.sks in Resources */,
				2932F2A427BD127800A7ED80 /* AdventPro-Medium.ttf in Resources */,
				9548DBCB27B71DF0002D5B12 /* ShieldBackGlow.sks in Resources */,
				2932F2A527BD127800A7ED80 /* AdventPro-Regular.ttf in Resources */,
				7F40023527B271E2001182EB /* Main.storyboard in Resources */,
				7F40023727B271E3001182EB /* Assets.xcassets in Resources */,
				2932F2A127BD127800A7ED80 /* AdventPro-Thin.ttf in Resources */,
				2932F2A327BD127800A7ED80 /* AdventPro-SemiBold.ttf in Resources */,
				2932F2A727BD127800A7ED80 /* AdventPro-Light.ttf in Resources */,
				2932F2A827BD127800A7ED80 /* AdventPro-ExtraLight.ttf in Resources */,
				7F40023A27B271E3001182EB /* LaunchScreen.storyboard in Resources */,
				291218D027BA9970006836F6 /* Explosion.sks in Resources */,
				2932F2A227BD127800A7ED80 /* AdventPro-Bold.ttf in Resources */,
			);
			runOnlyForDeploymentPostprocessing = 0;
		};
/* End PBXResourcesBuildPhase section */

/* Begin PBXSourcesBuildPhase section */
		7F40022227B271E2001182EB /* Sources */ = {
			isa = PBXSourcesBuildPhase;
			buildActionMask = 2147483647;
			files = (
				9548DBC927B71DB8002D5B12 /* ShieldNode.swift in Sources */,
				7F40023027B271E2001182EB /* GameScene.swift in Sources */,
				7F40023227B271E2001182EB /* GameViewController.swift in Sources */,
				2984718927B571D400E88AA8 /* EnemyNode.swift in Sources */,
				29514EE927BC074E00E94576 /* HUD.swift in Sources */,
				29514EEB27BC08C200E94576 /* GameOverScene.swift in Sources */,
				7F40022A27B271E2001182EB /* AppDelegate.swift in Sources */,
				9533BC2027BC4D910048C7B3 /* CannonNode.swift in Sources */,
				9548DBC727B71D7B002D5B12 /* PlayerNode.swift in Sources */,
			);
			runOnlyForDeploymentPostprocessing = 0;
		};
/* End PBXSourcesBuildPhase section */

/* Begin PBXVariantGroup section */
		7F40023327B271E2001182EB /* Main.storyboard */ = {
			isa = PBXVariantGroup;
			children = (
				7F40023427B271E2001182EB /* Base */,
			);
			name = Main.storyboard;
			sourceTree = "<group>";
		};
		7F40023827B271E3001182EB /* LaunchScreen.storyboard */ = {
			isa = PBXVariantGroup;
			children = (
				7F40023927B271E3001182EB /* Base */,
			);
			name = LaunchScreen.storyboard;
			sourceTree = "<group>";
		};
/* End PBXVariantGroup section */

/* Begin XCBuildConfiguration section */
		7F40023B27B271E3001182EB /* Debug */ = {
			isa = XCBuildConfiguration;
			buildSettings = {
				ALWAYS_SEARCH_USER_PATHS = NO;
				CLANG_ANALYZER_NONNULL = YES;
				CLANG_ANALYZER_NUMBER_OBJECT_CONVERSION = YES_AGGRESSIVE;
				CLANG_CXX_LANGUAGE_STANDARD = "gnu++17";
				CLANG_CXX_LIBRARY = "libc++";
				CLANG_ENABLE_MODULES = YES;
				CLANG_ENABLE_OBJC_ARC = YES;
				CLANG_ENABLE_OBJC_WEAK = YES;
				CLANG_WARN_BLOCK_CAPTURE_AUTORELEASING = YES;
				CLANG_WARN_BOOL_CONVERSION = YES;
				CLANG_WARN_COMMA = YES;
				CLANG_WARN_CONSTANT_CONVERSION = YES;
				CLANG_WARN_DEPRECATED_OBJC_IMPLEMENTATIONS = YES;
				CLANG_WARN_DIRECT_OBJC_ISA_USAGE = YES_ERROR;
				CLANG_WARN_DOCUMENTATION_COMMENTS = YES;
				CLANG_WARN_EMPTY_BODY = YES;
				CLANG_WARN_ENUM_CONVERSION = YES;
				CLANG_WARN_INFINITE_RECURSION = YES;
				CLANG_WARN_INT_CONVERSION = YES;
				CLANG_WARN_NON_LITERAL_NULL_CONVERSION = YES;
				CLANG_WARN_OBJC_IMPLICIT_RETAIN_SELF = YES;
				CLANG_WARN_OBJC_LITERAL_CONVERSION = YES;
				CLANG_WARN_OBJC_ROOT_CLASS = YES_ERROR;
				CLANG_WARN_QUOTED_INCLUDE_IN_FRAMEWORK_HEADER = YES;
				CLANG_WARN_RANGE_LOOP_ANALYSIS = YES;
				CLANG_WARN_STRICT_PROTOTYPES = YES;
				CLANG_WARN_SUSPICIOUS_MOVE = YES;
				CLANG_WARN_UNGUARDED_AVAILABILITY = YES_AGGRESSIVE;
				CLANG_WARN_UNREACHABLE_CODE = YES;
				CLANG_WARN__DUPLICATE_METHOD_MATCH = YES;
				COPY_PHASE_STRIP = NO;
				DEBUG_INFORMATION_FORMAT = dwarf;
				ENABLE_STRICT_OBJC_MSGSEND = YES;
				ENABLE_TESTABILITY = YES;
				GCC_C_LANGUAGE_STANDARD = gnu11;
				GCC_DYNAMIC_NO_PIC = NO;
				GCC_NO_COMMON_BLOCKS = YES;
				GCC_OPTIMIZATION_LEVEL = 0;
				GCC_PREPROCESSOR_DEFINITIONS = (
					"DEBUG=1",
					"$(inherited)",
				);
				GCC_WARN_64_TO_32_BIT_CONVERSION = YES;
				GCC_WARN_ABOUT_RETURN_TYPE = YES_ERROR;
				GCC_WARN_UNDECLARED_SELECTOR = YES;
				GCC_WARN_UNINITIALIZED_AUTOS = YES_AGGRESSIVE;
				GCC_WARN_UNUSED_FUNCTION = YES;
				GCC_WARN_UNUSED_VARIABLE = YES;
				IPHONEOS_DEPLOYMENT_TARGET = 15.2;
				MTL_ENABLE_DEBUG_INFO = INCLUDE_SOURCE;
				MTL_FAST_MATH = YES;
				ONLY_ACTIVE_ARCH = YES;
				SDKROOT = iphoneos;
				SWIFT_ACTIVE_COMPILATION_CONDITIONS = DEBUG;
				SWIFT_OPTIMIZATION_LEVEL = "-Onone";
			};
			name = Debug;
		};
		7F40023C27B271E3001182EB /* Release */ = {
			isa = XCBuildConfiguration;
			buildSettings = {
				ALWAYS_SEARCH_USER_PATHS = NO;
				CLANG_ANALYZER_NONNULL = YES;
				CLANG_ANALYZER_NUMBER_OBJECT_CONVERSION = YES_AGGRESSIVE;
				CLANG_CXX_LANGUAGE_STANDARD = "gnu++17";
				CLANG_CXX_LIBRARY = "libc++";
				CLANG_ENABLE_MODULES = YES;
				CLANG_ENABLE_OBJC_ARC = YES;
				CLANG_ENABLE_OBJC_WEAK = YES;
				CLANG_WARN_BLOCK_CAPTURE_AUTORELEASING = YES;
				CLANG_WARN_BOOL_CONVERSION = YES;
				CLANG_WARN_COMMA = YES;
				CLANG_WARN_CONSTANT_CONVERSION = YES;
				CLANG_WARN_DEPRECATED_OBJC_IMPLEMENTATIONS = YES;
				CLANG_WARN_DIRECT_OBJC_ISA_USAGE = YES_ERROR;
				CLANG_WARN_DOCUMENTATION_COMMENTS = YES;
				CLANG_WARN_EMPTY_BODY = YES;
				CLANG_WARN_ENUM_CONVERSION = YES;
				CLANG_WARN_INFINITE_RECURSION = YES;
				CLANG_WARN_INT_CONVERSION = YES;
				CLANG_WARN_NON_LITERAL_NULL_CONVERSION = YES;
				CLANG_WARN_OBJC_IMPLICIT_RETAIN_SELF = YES;
				CLANG_WARN_OBJC_LITERAL_CONVERSION = YES;
				CLANG_WARN_OBJC_ROOT_CLASS = YES_ERROR;
				CLANG_WARN_QUOTED_INCLUDE_IN_FRAMEWORK_HEADER = YES;
				CLANG_WARN_RANGE_LOOP_ANALYSIS = YES;
				CLANG_WARN_STRICT_PROTOTYPES = YES;
				CLANG_WARN_SUSPICIOUS_MOVE = YES;
				CLANG_WARN_UNGUARDED_AVAILABILITY = YES_AGGRESSIVE;
				CLANG_WARN_UNREACHABLE_CODE = YES;
				CLANG_WARN__DUPLICATE_METHOD_MATCH = YES;
				COPY_PHASE_STRIP = NO;
				DEBUG_INFORMATION_FORMAT = "dwarf-with-dsym";
				ENABLE_NS_ASSERTIONS = NO;
				ENABLE_STRICT_OBJC_MSGSEND = YES;
				GCC_C_LANGUAGE_STANDARD = gnu11;
				GCC_NO_COMMON_BLOCKS = YES;
				GCC_WARN_64_TO_32_BIT_CONVERSION = YES;
				GCC_WARN_ABOUT_RETURN_TYPE = YES_ERROR;
				GCC_WARN_UNDECLARED_SELECTOR = YES;
				GCC_WARN_UNINITIALIZED_AUTOS = YES_AGGRESSIVE;
				GCC_WARN_UNUSED_FUNCTION = YES;
				GCC_WARN_UNUSED_VARIABLE = YES;
				IPHONEOS_DEPLOYMENT_TARGET = 15.2;
				MTL_ENABLE_DEBUG_INFO = NO;
				MTL_FAST_MATH = YES;
				SDKROOT = iphoneos;
				SWIFT_COMPILATION_MODE = wholemodule;
				SWIFT_OPTIMIZATION_LEVEL = "-O";
				VALIDATE_PRODUCT = YES;
			};
			name = Release;
		};
		7F40023E27B271E3001182EB /* Debug */ = {
			isa = XCBuildConfiguration;
			buildSettings = {
				ASSETCATALOG_COMPILER_APPICON_NAME = AppIcon;
				ASSETCATALOG_COMPILER_GLOBAL_ACCENT_COLOR_NAME = AccentColor;
				CODE_SIGN_STYLE = Automatic;
				CURRENT_PROJECT_VERSION = 1;
				DEVELOPMENT_TEAM = V49YJHMDHJ;
				GENERATE_INFOPLIST_FILE = YES;
				INFOPLIST_FILE = "MC3-Gin-Tonic/Info.plist";
				INFOPLIST_KEY_UIApplicationSupportsIndirectInputEvents = YES;
				INFOPLIST_KEY_UILaunchStoryboardName = LaunchScreen;
				INFOPLIST_KEY_UIMainStoryboardFile = Main;
				INFOPLIST_KEY_UIStatusBarHidden = YES;
				INFOPLIST_KEY_UISupportedInterfaceOrientations_iPad = "UIInterfaceOrientationPortraitUpsideDown UIInterfaceOrientationLandscapeLeft UIInterfaceOrientationLandscapeRight";
				INFOPLIST_KEY_UISupportedInterfaceOrientations_iPhone = "UIInterfaceOrientationPortrait UIInterfaceOrientationLandscapeLeft UIInterfaceOrientationLandscapeRight";
				LD_RUNPATH_SEARCH_PATHS = (
					"$(inherited)",
					"@executable_path/Frameworks",
				);
				MARKETING_VERSION = 1.0;
				PRODUCT_BUNDLE_IDENTIFIER = "appleacademy.MC3-Gin-Tonic";
				PRODUCT_NAME = "$(TARGET_NAME)";
				SWIFT_EMIT_LOC_STRINGS = YES;
				SWIFT_VERSION = 5.0;
				TARGETED_DEVICE_FAMILY = "1,2";
			};
			name = Debug;
		};
		7F40023F27B271E3001182EB /* Release */ = {
			isa = XCBuildConfiguration;
			buildSettings = {
				ASSETCATALOG_COMPILER_APPICON_NAME = AppIcon;
				ASSETCATALOG_COMPILER_GLOBAL_ACCENT_COLOR_NAME = AccentColor;
				CODE_SIGN_STYLE = Automatic;
				CURRENT_PROJECT_VERSION = 1;
				DEVELOPMENT_TEAM = V49YJHMDHJ;
				GENERATE_INFOPLIST_FILE = YES;
				INFOPLIST_FILE = "MC3-Gin-Tonic/Info.plist";
				INFOPLIST_KEY_UIApplicationSupportsIndirectInputEvents = YES;
				INFOPLIST_KEY_UILaunchStoryboardName = LaunchScreen;
				INFOPLIST_KEY_UIMainStoryboardFile = Main;
				INFOPLIST_KEY_UIStatusBarHidden = YES;
				INFOPLIST_KEY_UISupportedInterfaceOrientations_iPad = "UIInterfaceOrientationPortraitUpsideDown UIInterfaceOrientationLandscapeLeft UIInterfaceOrientationLandscapeRight";
				INFOPLIST_KEY_UISupportedInterfaceOrientations_iPhone = "UIInterfaceOrientationPortrait UIInterfaceOrientationLandscapeLeft UIInterfaceOrientationLandscapeRight";
				LD_RUNPATH_SEARCH_PATHS = (
					"$(inherited)",
					"@executable_path/Frameworks",
				);
				MARKETING_VERSION = 1.0;
				PRODUCT_BUNDLE_IDENTIFIER = "appleacademy.MC3-Gin-Tonic";
				PRODUCT_NAME = "$(TARGET_NAME)";
				SWIFT_EMIT_LOC_STRINGS = YES;
				SWIFT_VERSION = 5.0;
				TARGETED_DEVICE_FAMILY = "1,2";
			};
			name = Release;
		};
/* End XCBuildConfiguration section */

/* Begin XCConfigurationList section */
		7F40022127B271E2001182EB /* Build configuration list for PBXProject "MC3-Gin-Tonic" */ = {
			isa = XCConfigurationList;
			buildConfigurations = (
				7F40023B27B271E3001182EB /* Debug */,
				7F40023C27B271E3001182EB /* Release */,
			);
			defaultConfigurationIsVisible = 0;
			defaultConfigurationName = Release;
		};
		7F40023D27B271E3001182EB /* Build configuration list for PBXNativeTarget "MC3-Gin-Tonic" */ = {
			isa = XCConfigurationList;
			buildConfigurations = (
				7F40023E27B271E3001182EB /* Debug */,
				7F40023F27B271E3001182EB /* Release */,
			);
			defaultConfigurationIsVisible = 0;
			defaultConfigurationName = Release;
		};
/* End XCConfigurationList section */
	};
	rootObject = 7F40021E27B271E2001182EB /* Project object */;
}
